
Microsoft Visual Studio Solution File, Format Version 12.00
# Visual Studio Version 16
VisualStudioVersion = 16.0.29911.84
MinimumVisualStudioVersion = 10.0.40219.1
Project("{FAE04EC0-301F-11D3-BF4B-00C04F79EFBC}") = "employeeManagement", "employeeManagement\employeeManagement.csproj", "{45CF0CB3-F894-499B-8DE5-11D2D5D34FBC}"
EndProject
Global
	GlobalSection(SolutionConfigurationPlatforms) = preSolution
		Debug|Any CPU = Debug|Any CPU
		Release|Any CPU = Release|Any CPU
	EndGlobalSection
	GlobalSection(ProjectConfigurationPlatforms) = postSolution
		{45CF0CB3-F894-499B-8DE5-11D2D5D34FBC}.Debug|Any CPU.ActiveCfg = Debug|Any CPU
		{45CF0CB3-F894-499B-8DE5-11D2D5D34FBC}.Debug|Any CPU.Build.0 = Debug|Any CPU
		{45CF0CB3-F894-499B-8DE5-11D2D5D34FBC}.Release|Any CPU.ActiveCfg = Release|Any CPU
		{45CF0CB3-F894-499B-8DE5-11D2D5D34FBC}.Release|Any CPU.Build.0 = Release|Any CPU
	EndGlobalSection
	GlobalSection(SolutionProperties) = preSolution
		HideSolutionNode = FALSE
	EndGlobalSection
	GlobalSection(ExtensibilityGlobals) = postSolution
		SolutionGuid = {5BDFF83D-A736-486B-98F2-66281EB4FF39}
	EndGlobalSection
EndGlobal
